
Microsoft Visual Studio Solution File, Format Version 12.00
# Visual Studio 15
VisualStudioVersion = 15.0.28307.1778
MinimumVisualStudioVersion = 10.0.40219.1
Project("{FAE04EC0-301F-11D3-BF4B-00C04F79EFBC}") = "SampleWorkflow", "SampleWorkflow\SampleWorkflow.csproj", "{2186E1DC-559D-41D4-A886-F73D6C4CF49B}"
EndProject
Global
	GlobalSection(SolutionConfigurationPlatforms) = preSolution
		Debug|x86 = Debug|x86
		Release|x86 = Release|x86
	EndGlobalSection
	GlobalSection(ProjectConfigurationPlatforms) = postSolution
		{2186E1DC-559D-41D4-A886-F73D6C4CF49B}.Debug|x86.ActiveCfg = Debug|x86
		{2186E1DC-559D-41D4-A886-F73D6C4CF49B}.Debug|x86.Build.0 = Debug|x86
		{2186E1DC-559D-41D4-A886-F73D6C4CF49B}.Release|x86.ActiveCfg = Release|x86
		{2186E1DC-559D-41D4-A886-F73D6C4CF49B}.Release|x86.Build.0 = Release|x86
	EndGlobalSection
	GlobalSection(SolutionProperties) = preSolution
		HideSolutionNode = FALSE
	EndGlobalSection
	GlobalSection(ExtensibilityGlobals) = postSolution
		SolutionGuid = {27ADAB53-838F-476F-B13D-165B6C67364F}
	EndGlobalSection
EndGlobal
